
Microsoft Visual Studio Solution File, Format Version 12.00
# Visual Studio Version 16
VisualStudioVersion = 16.0.29721.120
MinimumVisualStudioVersion = 10.0.40219.1
Project("{FAE04EC0-301F-11D3-BF4B-00C04F79EFBC}") = "DotNetMobi", "DotNetMobi\DotNetMobi.csproj", "{7B271B5E-87D3-4CC4-812A-CBA6A9BAF9DE}"
EndProject
Global
	GlobalSection(SolutionConfigurationPlatforms) = preSolution
		Debug|Any CPU = Debug|Any CPU
		Release|Any CPU = Release|Any CPU
	EndGlobalSection
	GlobalSection(ProjectConfigurationPlatforms) = postSolution
		{7B271B5E-87D3-4CC4-812A-CBA6A9BAF9DE}.Debug|Any CPU.ActiveCfg = Debug|Any CPU
		{7B271B5E-87D3-4CC4-812A-CBA6A9BAF9DE}.Debug|Any CPU.Build.0 = Debug|Any CPU
		{7B271B5E-87D3-4CC4-812A-CBA6A9BAF9DE}.Release|Any CPU.ActiveCfg = Release|Any CPU
		{7B271B5E-87D3-4CC4-812A-CBA6A9BAF9DE}.Release|Any CPU.Build.0 = Release|Any CPU
	EndGlobalSection
	GlobalSection(SolutionProperties) = preSolution
		HideSolutionNode = FALSE
	EndGlobalSection
	GlobalSection(ExtensibilityGlobals) = postSolution
		SolutionGuid = {15B5B5B5-8839-43E6-B5FC-BF188FBA3B8D}
	EndGlobalSection
EndGlobal
